
Microsoft Visual Studio Solution File, Format Version 12.00
# Visual Studio 15
VisualStudioVersion = 15.0.27703.2035
MinimumVisualStudioVersion = 10.0.40219.1
Project("{FAE04EC0-301F-11D3-BF4B-00C04F79EFBC}") = "Service", "WebApplication\Service.csproj", "{11EA54B5-2C6D-4CD0-881F-406743436C6F}"
EndProject
Global
	GlobalSection(SolutionConfigurationPlatforms) = preSolution
		Debug|Any CPU = Debug|Any CPU
		Release|Any CPU = Release|Any CPU
	EndGlobalSection
	GlobalSection(ProjectConfigurationPlatforms) = postSolution
		{11EA54B5-2C6D-4CD0-881F-406743436C6F}.Debug|Any CPU.ActiveCfg = Debug|Any CPU
		{11EA54B5-2C6D-4CD0-881F-406743436C6F}.Debug|Any CPU.Build.0 = Debug|Any CPU
		{11EA54B5-2C6D-4CD0-881F-406743436C6F}.Release|Any CPU.ActiveCfg = Release|Any CPU
		{11EA54B5-2C6D-4CD0-881F-406743436C6F}.Release|Any CPU.Build.0 = Release|Any CPU
	EndGlobalSection
	GlobalSection(SolutionProperties) = preSolution
		HideSolutionNode = FALSE
	EndGlobalSection
	GlobalSection(ExtensibilityGlobals) = postSolution
		SolutionGuid = {8663D4E5-91FB-446E-B205-820E741D92F2}
	EndGlobalSection
EndGlobal
